
Microsoft Visual Studio Solution File, Format Version 12.00
# Visual Studio Version 17
VisualStudioVersion = 17.11.35208.52
MinimumVisualStudioVersion = 10.0.40219.1
Project("{FAE04EC0-301F-11D3-BF4B-00C04F79EFBC}") = "azure-functions-playground", "azure-functions-playground\azure-functions-playground.csproj", "{62DD5052-B04F-40EF-A3AB-C6469D9EA9BA}"
EndProject
Global
	GlobalSection(SolutionConfigurationPlatforms) = preSolution
		Debug|Any CPU = Debug|Any CPU
		Release|Any CPU = Release|Any CPU
	EndGlobalSection
	GlobalSection(ProjectConfigurationPlatforms) = postSolution
		{62DD5052-B04F-40EF-A3AB-C6469D9EA9BA}.Debug|Any CPU.ActiveCfg = Debug|Any CPU
		{62DD5052-B04F-40EF-A3AB-C6469D9EA9BA}.Debug|Any CPU.Build.0 = Debug|Any CPU
		{62DD5052-B04F-40EF-A3AB-C6469D9EA9BA}.Release|Any CPU.ActiveCfg = Release|Any CPU
		{62DD5052-B04F-40EF-A3AB-C6469D9EA9BA}.Release|Any CPU.Build.0 = Release|Any CPU
	EndGlobalSection
	GlobalSection(SolutionProperties) = preSolution
		HideSolutionNode = FALSE
	EndGlobalSection
	GlobalSection(ExtensibilityGlobals) = postSolution
		SolutionGuid = {925FAD5D-C832-483E-A755-2D3D3C462DF9}
	EndGlobalSection
EndGlobal
